// !$*UTF8*$!
{
	archiveVersion = 1;
	classes = {
	};
	objectVersion = 50;
	objects = {

/* Begin PBXBuildFile section */
		BD41202D22D7993500542263 /* AppDelegate.swift in Sources */ = {isa = PBXBuildFile; fileRef = BD41202C22D7993500542263 /* AppDelegate.swift */; };
		BD41202F22D7993500542263 /* EarthquakesViewController.swift in Sources */ = {isa = PBXBuildFile; fileRef = BD41202E22D7993500542263 /* EarthquakesViewController.swift */; };
		BD41203222D7993500542263 /* Main.storyboard in Resources */ = {isa = PBXBuildFile; fileRef = BD41203022D7993500542263 /* Main.storyboard */; };
		BD41203422D7993700542263 /* Assets.xcassets in Resources */ = {isa = PBXBuildFile; fileRef = BD41203322D7993700542263 /* Assets.xcassets */; };
		BD41203722D7993700542263 /* LaunchScreen.storyboard in Resources */ = {isa = PBXBuildFile; fileRef = BD41203522D7993700542263 /* LaunchScreen.storyboard */; };
		BD41203F22D799DC00542263 /* Quake.swift in Sources */ = {isa = PBXBuildFile; fileRef = BD41203E22D799DC00542263 /* Quake.swift */; };
		BD41204122D79E8C00542263 /* QuakeFetcher.swift in Sources */ = {isa = PBXBuildFile; fileRef = BD41204022D79E8C00542263 /* QuakeFetcher.swift */; };
		BD41204322D7AF3400542263 /* Quake+Mapping.swift in Sources */ = {isa = PBXBuildFile; fileRef = BD41204222D7AF3400542263 /* Quake+Mapping.swift */; };
/* End PBXBuildFile section */

/* Begin PBXFileReference section */
		BD41202922D7993500542263 /* iOS6-Quakes.app */ = {isa = PBXFileReference; explicitFileType = wrapper.application; includeInIndex = 0; path = "iOS6-Quakes.app"; sourceTree = BUILT_PRODUCTS_DIR; };
		BD41202C22D7993500542263 /* AppDelegate.swift */ = {isa = PBXFileReference; lastKnownFileType = sourcecode.swift; path = AppDelegate.swift; sourceTree = "<group>"; };
		BD41202E22D7993500542263 /* EarthquakesViewController.swift */ = {isa = PBXFileReference; lastKnownFileType = sourcecode.swift; path = EarthquakesViewController.swift; sourceTree = "<group>"; };
		BD41203122D7993500542263 /* Base */ = {isa = PBXFileReference; lastKnownFileType = file.storyboard; name = Base; path = Base.lproj/Main.storyboard; sourceTree = "<group>"; };
		BD41203322D7993700542263 /* Assets.xcassets */ = {isa = PBXFileReference; lastKnownFileType = folder.assetcatalog; path = Assets.xcassets; sourceTree = "<group>"; };
		BD41203622D7993700542263 /* Base */ = {isa = PBXFileReference; lastKnownFileType = file.storyboard; name = Base; path = Base.lproj/LaunchScreen.storyboard; sourceTree = "<group>"; };
		BD41203822D7993700542263 /* Info.plist */ = {isa = PBXFileReference; lastKnownFileType = text.plist.xml; path = Info.plist; sourceTree = "<group>"; };
		BD41203E22D799DC00542263 /* Quake.swift */ = {isa = PBXFileReference; lastKnownFileType = sourcecode.swift; path = Quake.swift; sourceTree = "<group>"; };
		BD41204022D79E8C00542263 /* QuakeFetcher.swift */ = {isa = PBXFileReference; lastKnownFileType = sourcecode.swift; path = QuakeFetcher.swift; sourceTree = "<group>"; };
		BD41204222D7AF3400542263 /* Quake+Mapping.swift */ = {isa = PBXFileReference; lastKnownFileType = sourcecode.swift; path = "Quake+Mapping.swift"; sourceTree = "<group>"; };
/* End PBXFileReference section */

/* Begin PBXFrameworksBuildPhase section */
		BD41202622D7993500542263 /* Frameworks */ = {
			isa = PBXFrameworksBuildPhase;
			buildActionMask = 2147483647;
			files = (
			);
			runOnlyForDeploymentPostprocessing = 0;
		};
/* End PBXFrameworksBuildPhase section */

/* Begin PBXGroup section */
		BD41202022D7993500542263 = {
			isa = PBXGroup;
			children = (
				BD41202B22D7993500542263 /* iOS6-Quakes */,
				BD41202A22D7993500542263 /* Products */,
			);
			sourceTree = "<group>";
		};
		BD41202A22D7993500542263 /* Products */ = {
			isa = PBXGroup;
			children = (
				BD41202922D7993500542263 /* iOS6-Quakes.app */,
			);
			name = Products;
			sourceTree = "<group>";
		};
		BD41202B22D7993500542263 /* iOS6-Quakes */ = {
			isa = PBXGroup;
			children = (
				BD41202C22D7993500542263 /* AppDelegate.swift */,
				BD41202E22D7993500542263 /* EarthquakesViewController.swift */,
				BD41203E22D799DC00542263 /* Quake.swift */,
				BD41204222D7AF3400542263 /* Quake+Mapping.swift */,
				BD41204022D79E8C00542263 /* QuakeFetcher.swift */,
				BD41203022D7993500542263 /* Main.storyboard */,
				BD41203322D7993700542263 /* Assets.xcassets */,
				BD41203522D7993700542263 /* LaunchScreen.storyboard */,
				BD41203822D7993700542263 /* Info.plist */,
			);
			path = "iOS6-Quakes";
			sourceTree = "<group>";
		};
/* End PBXGroup section */

/* Begin PBXNativeTarget section */
		BD41202822D7993500542263 /* iOS6-Quakes */ = {
			isa = PBXNativeTarget;
			buildConfigurationList = BD41203B22D7993700542263 /* Build configuration list for PBXNativeTarget "iOS6-Quakes" */;
			buildPhases = (
				BD41202522D7993500542263 /* Sources */,
				BD41202622D7993500542263 /* Frameworks */,
				BD41202722D7993500542263 /* Resources */,
			);
			buildRules = (
			);
			dependencies = (
			);
			name = "iOS6-Quakes";
			productName = "iOS6-Quakes";
			productReference = BD41202922D7993500542263 /* iOS6-Quakes.app */;
			productType = "com.apple.product-type.application";
		};
/* End PBXNativeTarget section */

/* Begin PBXProject section */
		BD41202122D7993500542263 /* Project object */ = {
			isa = PBXProject;
			attributes = {
				LastSwiftUpdateCheck = 1020;
				LastUpgradeCheck = 1020;
				ORGANIZATIONNAME = "Lambda, Inc";
				TargetAttributes = {
					BD41202822D7993500542263 = {
						CreatedOnToolsVersion = 10.2.1;
					};
				};
			};
			buildConfigurationList = BD41202422D7993500542263 /* Build configuration list for PBXProject "iOS6-Quakes" */;
			compatibilityVersion = "Xcode 9.3";
			developmentRegion = en;
			hasScannedForEncodings = 0;
			knownRegions = (
				en,
				Base,
			);
			mainGroup = BD41202022D7993500542263;
			productRefGroup = BD41202A22D7993500542263 /* Products */;
			projectDirPath = "";
			projectRoot = "";
			targets = (
				BD41202822D7993500542263 /* iOS6-Quakes */,
			);
		};
/* End PBXProject section */

/* Begin PBXResourcesBuildPhase section */
		BD41202722D7993500542263 /* Resources */ = {
			isa = PBXResourcesBuildPhase;
			buildActionMask = 2147483647;
			files = (
				BD41203722D7993700542263 /* LaunchScreen.storyboard in Resources */,
				BD41203422D7993700542263 /* Assets.xcassets in Resources */,
				BD41203222D7993500542263 /* Main.storyboard in Resources */,
			);
			runOnlyForDeploymentPostprocessing = 0;
		};
/* End PBXResourcesBuildPhase section */

/* Begin PBXSourcesBuildPhase section */
		BD41202522D7993500542263 /* Sources */ = {
			isa = PBXSourcesBuildPhase;
			buildActionMask = 2147483647;
			files = (
				BD41202F22D7993500542263 /* EarthquakesViewController.swift in Sources */,
				BD41204322D7AF3400542263 /* Quake+Mapping.swift in Sources */,
				BD41204122D79E8C00542263 /* QuakeFetcher.swift in Sources */,
				BD41203F22D799DC00542263 /* Quake.swift in Sources */,
				BD41202D22D7993500542263 /* AppDelegate.swift in Sources */,
			);
			runOnlyForDeploymentPostprocessing = 0;
		};
/* End PBXSourcesBuildPhase section */

/* Begin PBXVariantGroup section */
		BD41203022D7993500542263 /* Main.storyboard */ = {
			isa = PBXVariantGroup;
			children = (
				BD41203122D7993500542263 /* Base */,
			);
			name = Main.storyboard;
			sourceTree = "<group>";
		};
		BD41203522D7993700542263 /* LaunchScreen.storyboard */ = {
			isa = PBXVariantGroup;
			children = (
				BD41203622D7993700542263 /* Base */,
			);
			name = LaunchScreen.storyboard;
			sourceTree = "<group>";
		};
/* End PBXVariantGroup section */

/* Begin XCBuildConfiguration section */
		BD41203922D7993700542263 /* Debug */ = {
			isa = XCBuildConfiguration;
			buildSettings = {
				ALWAYS_SEARCH_USER_PATHS = NO;
				CLANG_ANALYZER_NONNULL = YES;
				CLANG_ANALYZER_NUMBER_OBJECT_CONVERSION = YES_AGGRESSIVE;
				CLANG_CXX_LANGUAGE_STANDARD = "gnu++14";
				CLANG_CXX_LIBRARY = "libc++";
				CLANG_ENABLE_MODULES = YES;
				CLANG_ENABLE_OBJC_ARC = YES;
				CLANG_ENABLE_OBJC_WEAK = YES;
				CLANG_WARN_BLOCK_CAPTURE_AUTORELEASING = YES;
				CLANG_WARN_BOOL_CONVERSION = YES;
				CLANG_WARN_COMMA = YES;
				CLANG_WARN_CONSTANT_CONVERSION = YES;
				CLANG_WARN_DEPRECATED_OBJC_IMPLEMENTATIONS = YES;
				CLANG_WARN_DIRECT_OBJC_ISA_USAGE = YES_ERROR;
				CLANG_WARN_DOCUMENTATION_COMMENTS = YES;
				CLANG_WARN_EMPTY_BODY = YES;
				CLANG_WARN_ENUM_CONVERSION = YES;
				CLANG_WARN_INFINITE_RECURSION = YES;
				CLANG_WARN_INT_CONVERSION = YES;
				CLANG_WARN_NON_LITERAL_NULL_CONVERSION = YES;
				CLANG_WARN_OBJC_IMPLICIT_RETAIN_SELF = YES;
				CLANG_WARN_OBJC_LITERAL_CONVERSION = YES;
				CLANG_WARN_OBJC_ROOT_CLASS = YES_ERROR;
				CLANG_WARN_RANGE_LOOP_ANALYSIS = YES;
				CLANG_WARN_STRICT_PROTOTYPES = YES;
				CLANG_WARN_SUSPICIOUS_MOVE = YES;
				CLANG_WARN_UNGUARDED_AVAILABILITY = YES_AGGRESSIVE;
				CLANG_WARN_UNREACHABLE_CODE = YES;
				CLANG_WARN__DUPLICATE_METHOD_MATCH = YES;
				CODE_SIGN_IDENTITY = "iPhone Developer";
				COPY_PHASE_STRIP = NO;
				DEBUG_INFORMATION_FORMAT = dwarf;
				ENABLE_STRICT_OBJC_MSGSEND = YES;
				ENABLE_TESTABILITY = YES;
				GCC_C_LANGUAGE_STANDARD = gnu11;
				GCC_DYNAMIC_NO_PIC = NO;
				GCC_NO_COMMON_BLOCKS = YES;
				GCC_OPTIMIZATION_LEVEL = 0;
				GCC_PREPROCESSOR_DEFINITIONS = (
					"DEBUG=1",
					"$(inherited)",
				);
				GCC_WARN_64_TO_32_BIT_CONVERSION = YES;
				GCC_WARN_ABOUT_RETURN_TYPE = YES_ERROR;
				GCC_WARN_UNDECLARED_SELECTOR = YES;
				GCC_WARN_UNINITIALIZED_AUTOS = YES_AGGRESSIVE;
				GCC_WARN_UNUSED_FUNCTION = YES;
				GCC_WARN_UNUSED_VARIABLE = YES;
				IPHONEOS_DEPLOYMENT_TARGET = 12.2;
				MTL_ENABLE_DEBUG_INFO = INCLUDE_SOURCE;
				MTL_FAST_MATH = YES;
				ONLY_ACTIVE_ARCH = YES;
				SDKROOT = iphoneos;
				SWIFT_ACTIVE_COMPILATION_CONDITIONS = DEBUG;
				SWIFT_OPTIMIZATION_LEVEL = "-Onone";
			};
			name = Debug;
		};
		BD41203A22D7993700542263 /* Release */ = {
			isa = XCBuildConfiguration;
			buildSettings = {
				ALWAYS_SEARCH_USER_PATHS = NO;
				CLANG_ANALYZER_NONNULL = YES;
				CLANG_ANALYZER_NUMBER_OBJECT_CONVERSION = YES_AGGRESSIVE;
				CLANG_CXX_LANGUAGE_STANDARD = "gnu++14";
				CLANG_CXX_LIBRARY = "libc++";
				CLANG_ENABLE_MODULES = YES;
				CLANG_ENABLE_OBJC_ARC = YES;
				CLANG_ENABLE_OBJC_WEAK = YES;
				CLANG_WARN_BLOCK_CAPTURE_AUTORELEASING = YES;
				CLANG_WARN_BOOL_CONVERSION = YES;
				CLANG_WARN_COMMA = YES;
				CLANG_WARN_CONSTANT_CONVERSION = YES;
				CLANG_WARN_DEPRECATED_OBJC_IMPLEMENTATIONS = YES;
				CLANG_WARN_DIRECT_OBJC_ISA_USAGE = YES_ERROR;
				CLANG_WARN_DOCUMENTATION_COMMENTS = YES;
				CLANG_WARN_EMPTY_BODY = YES;
				CLANG_WARN_ENUM_CONVERSION = YES;
				CLANG_WARN_INFINITE_RECURSION = YES;
				CLANG_WARN_INT_CONVERSION = YES;
				CLANG_WARN_NON_LITERAL_NULL_CONVERSION = YES;
				CLANG_WARN_OBJC_IMPLICIT_RETAIN_SELF = YES;
				CLANG_WARN_OBJC_LITERAL_CONVERSION = YES;
				CLANG_WARN_OBJC_ROOT_CLASS = YES_ERROR;
				CLANG_WARN_RANGE_LOOP_ANALYSIS = YES;
				CLANG_WARN_STRICT_PROTOTYPES = YES;
				CLANG_WARN_SUSPICIOUS_MOVE = YES;
				CLANG_WARN_UNGUARDED_AVAILABILITY = YES_AGGRESSIVE;
				CLANG_WARN_UNREACHABLE_CODE = YES;
				CLANG_WARN__DUPLICATE_METHOD_MATCH = YES;
				CODE_SIGN_IDENTITY = "iPhone Developer";
				COPY_PHASE_STRIP = NO;
				DEBUG_INFORMATION_FORMAT = "dwarf-with-dsym";
				ENABLE_NS_ASSERTIONS = NO;
				ENABLE_STRICT_OBJC_MSGSEND = YES;
				GCC_C_LANGUAGE_STANDARD = gnu11;
				GCC_NO_COMMON_BLOCKS = YES;
				GCC_WARN_64_TO_32_BIT_CONVERSION = YES;
				GCC_WARN_ABOUT_RETURN_TYPE = YES_ERROR;
				GCC_WARN_UNDECLARED_SELECTOR = YES;
				GCC_WARN_UNINITIALIZED_AUTOS = YES_AGGRESSIVE;
				GCC_WARN_UNUSED_FUNCTION = YES;
				GCC_WARN_UNUSED_VARIABLE = YES;
				IPHONEOS_DEPLOYMENT_TARGET = 12.2;
				MTL_ENABLE_DEBUG_INFO = NO;
				MTL_FAST_MATH = YES;
				SDKROOT = iphoneos;
				SWIFT_COMPILATION_MODE = wholemodule;
				SWIFT_OPTIMIZATION_LEVEL = "-O";
				VALIDATE_PRODUCT = YES;
			};
			name = Release;
		};
		BD41203C22D7993700542263 /* Debug */ = {
			isa = XCBuildConfiguration;
			buildSettings = {
				ASSETCATALOG_COMPILER_APPICON_NAME = AppIcon;
				CODE_SIGN_STYLE = Automatic;
				DEVELOPMENT_TEAM = VXUQXR6S56;
				INFOPLIST_FILE = "iOS6-Quakes/Info.plist";
				LD_RUNPATH_SEARCH_PATHS = (
					"$(inherited)",
					"@executable_path/Frameworks",
				);
				PRODUCT_BUNDLE_IDENTIFIER = "com.lambdaschool.iOS6-Quakes";
				PRODUCT_NAME = "$(TARGET_NAME)";
				SWIFT_VERSION = 5.0;
				TARGETED_DEVICE_FAMILY = "1,2";
			};
			name = Debug;
		};
		BD41203D22D7993700542263 /* Release */ = {
			isa = XCBuildConfiguration;
			buildSettings = {
				ASSETCATALOG_COMPILER_APPICON_NAME = AppIcon;
				CODE_SIGN_STYLE = Automatic;
				DEVELOPMENT_TEAM = VXUQXR6S56;
				INFOPLIST_FILE = "iOS6-Quakes/Info.plist";
				LD_RUNPATH_SEARCH_PATHS = (
					"$(inherited)",
					"@executable_path/Frameworks",
				);
				PRODUCT_BUNDLE_IDENTIFIER = "com.lambdaschool.iOS6-Quakes";
				PRODUCT_NAME = "$(TARGET_NAME)";
				SWIFT_VERSION = 5.0;
				TARGETED_DEVICE_FAMILY = "1,2";
			};
			name = Release;
		};
/* End XCBuildConfiguration section */

/* Begin XCConfigurationList section */
		BD41202422D7993500542263 /* Build configuration list for PBXProject "iOS6-Quakes" */ = {
			isa = XCConfigurationList;
			buildConfigurations = (
				BD41203922D7993700542263 /* Debug */,
				BD41203A22D7993700542263 /* Release */,
			);
			defaultConfigurationIsVisible = 0;
			defaultConfigurationName = Release;
		};
		BD41203B22D7993700542263 /* Build configuration list for PBXNativeTarget "iOS6-Quakes" */ = {
			isa = XCConfigurationList;
			buildConfigurations = (
				BD41203C22D7993700542263 /* Debug */,
				BD41203D22D7993700542263 /* Release */,
			);
			defaultConfigurationIsVisible = 0;
			defaultConfigurationName = Release;
		};
/* End XCConfigurationList section */
	};
	rootObject = BD41202122D7993500542263 /* Project object */;
}
